version: 1.0
shards:
  bisect:
    github: spider-gazelle/bisect
    version: 1.1.1

  cron_parser:
    github: kostya/cron_parser
    version: 0.2.0

  kilt:
    github: jeromegn/kilt
    version: 0.4.0

  radix:
    github: luislavena/radix
    version: 0.3.9

  raze:
    github: samueleaton/raze
    commit: 1e63828734e0d96a3ef999876765faa66d8736c5

  slack:
    github: manastech/crystal_slack
    commit: c12f5829ca8acdfc9e27744600fe19adaf4e0cd1

  tasker:
    github: spider-gazelle/tasker
    commit: 78a25476e92261336fcd08f2c24f715f996a9219

  toml:
    github: crystal-community/toml.cr
    commit: 5935d7f5afeed8ba126418a9f85691b4067db85c

